// !$*UTF8*$!
{
	archiveVersion = 1;
	classes = {
	};
	objectVersion = 50;
	objects = {

/* Begin PBXBuildFile section */
		DA3E6E86255F8E3F0071E539 /* UserSettings.swift in Sources */ = {isa = PBXBuildFile; fileRef = DA3E6E85255F8E3F0071E539 /* UserSettings.swift */; };
		DA3E6E8A255F8EF90071E539 /* SettingsView.swift in Sources */ = {isa = PBXBuildFile; fileRef = DA3E6E89255F8EF90071E539 /* SettingsView.swift */; };
		DA528E2C23C6306A001E5445 /* HappyHourApp.swift in Sources */ = {isa = PBXBuildFile; fileRef = DA528E2B23C6306A001E5445 /* HappyHourApp.swift */; };
		DA528E2E23C6306A001E5445 /* ContentView.swift in Sources */ = {isa = PBXBuildFile; fileRef = DA528E2D23C6306A001E5445 /* ContentView.swift */; };
		DA528E3023C6306B001E5445 /* Assets.xcassets in Resources */ = {isa = PBXBuildFile; fileRef = DA528E2F23C6306B001E5445 /* Assets.xcassets */; };
		DA528E3323C6306B001E5445 /* Preview Assets.xcassets in Resources */ = {isa = PBXBuildFile; fileRef = DA528E3223C6306B001E5445 /* Preview Assets.xcassets */; };
		DA60540523C7884D006BB663 /* ItemModel.swift in Sources */ = {isa = PBXBuildFile; fileRef = DA60540423C7884D006BB663 /* ItemModel.swift */; };
		DA7EA8342462F14B005B1B4B /* TaskTimer.swift in Sources */ = {isa = PBXBuildFile; fileRef = DA7EA8332462F14B005B1B4B /* TaskTimer.swift */; };
		DABCA5C72560B46200F02836 /* Formatter.swift in Sources */ = {isa = PBXBuildFile; fileRef = DABCA5C62560B46200F02836 /* Formatter.swift */; };
/* End PBXBuildFile section */

/* Begin PBXFileReference section */
		DA3E6E85255F8E3F0071E539 /* UserSettings.swift */ = {isa = PBXFileReference; lastKnownFileType = sourcecode.swift; path = UserSettings.swift; sourceTree = "<group>"; };
		DA3E6E89255F8EF90071E539 /* SettingsView.swift */ = {isa = PBXFileReference; lastKnownFileType = sourcecode.swift; path = SettingsView.swift; sourceTree = "<group>"; };
		DA528E2823C6306A001E5445 /* HappyHour.app */ = {isa = PBXFileReference; explicitFileType = wrapper.application; includeInIndex = 0; path = HappyHour.app; sourceTree = BUILT_PRODUCTS_DIR; };
		DA528E2B23C6306A001E5445 /* HappyHourApp.swift */ = {isa = PBXFileReference; lastKnownFileType = sourcecode.swift; path = HappyHourApp.swift; sourceTree = "<group>"; };
		DA528E2D23C6306A001E5445 /* ContentView.swift */ = {isa = PBXFileReference; lastKnownFileType = sourcecode.swift; path = ContentView.swift; sourceTree = "<group>"; };
		DA528E2F23C6306B001E5445 /* Assets.xcassets */ = {isa = PBXFileReference; lastKnownFileType = folder.assetcatalog; path = Assets.xcassets; sourceTree = "<group>"; };
		DA528E3223C6306B001E5445 /* Preview Assets.xcassets */ = {isa = PBXFileReference; lastKnownFileType = folder.assetcatalog; path = "Preview Assets.xcassets"; sourceTree = "<group>"; };
		DA528E3723C6306B001E5445 /* Info.plist */ = {isa = PBXFileReference; lastKnownFileType = text.plist.xml; path = Info.plist; sourceTree = "<group>"; };
		DA528E3823C6306B001E5445 /* HappyHour.entitlements */ = {isa = PBXFileReference; lastKnownFileType = text.plist.entitlements; path = HappyHour.entitlements; sourceTree = "<group>"; };
		DA60540423C7884D006BB663 /* ItemModel.swift */ = {isa = PBXFileReference; lastKnownFileType = sourcecode.swift; path = ItemModel.swift; sourceTree = "<group>"; };
		DA7EA8332462F14B005B1B4B /* TaskTimer.swift */ = {isa = PBXFileReference; lastKnownFileType = sourcecode.swift; path = TaskTimer.swift; sourceTree = "<group>"; };
		DABCA5C62560B46200F02836 /* Formatter.swift */ = {isa = PBXFileReference; lastKnownFileType = sourcecode.swift; path = Formatter.swift; sourceTree = "<group>"; };
/* End PBXFileReference section */

/* Begin PBXFrameworksBuildPhase section */
		DA528E2523C6306A001E5445 /* Frameworks */ = {
			isa = PBXFrameworksBuildPhase;
			buildActionMask = 2147483647;
			files = (
			);
			runOnlyForDeploymentPostprocessing = 0;
		};
/* End PBXFrameworksBuildPhase section */

/* Begin PBXGroup section */
		DA3E6E80255F8D900071E539 /* Models */ = {
			isa = PBXGroup;
			children = (
				DA60540423C7884D006BB663 /* ItemModel.swift */,
				DABCA5C62560B46200F02836 /* Formatter.swift */,
				DA7EA8332462F14B005B1B4B /* TaskTimer.swift */,
				DA3E6E85255F8E3F0071E539 /* UserSettings.swift */,
			);
			path = Models;
			sourceTree = "<group>";
		};
		DA3E6E82255F8D990071E539 /* Views */ = {
			isa = PBXGroup;
			children = (
				DA528E2D23C6306A001E5445 /* ContentView.swift */,
				DA3E6E89255F8EF90071E539 /* SettingsView.swift */,
			);
			path = Views;
			sourceTree = "<group>";
		};
		DA528E1F23C6306A001E5445 = {
			isa = PBXGroup;
			children = (
				DA528E2A23C6306A001E5445 /* HappyHour */,
				DA528E2923C6306A001E5445 /* Products */,
			);
			sourceTree = "<group>";
		};
		DA528E2923C6306A001E5445 /* Products */ = {
			isa = PBXGroup;
			children = (
				DA528E2823C6306A001E5445 /* HappyHour.app */,
			);
			name = Products;
			sourceTree = "<group>";
		};
		DA528E2A23C6306A001E5445 /* HappyHour */ = {
			isa = PBXGroup;
			children = (
				DA528E2B23C6306A001E5445 /* HappyHourApp.swift */,
				DA3E6E82255F8D990071E539 /* Views */,
				DA3E6E80255F8D900071E539 /* Models */,
				DA8B300424ED758D001E1AA2 /* Content */,
				DA528E3123C6306B001E5445 /* Preview Content */,
			);
			path = HappyHour;
			sourceTree = "<group>";
		};
		DA528E3123C6306B001E5445 /* Preview Content */ = {
			isa = PBXGroup;
			children = (
				DA528E3223C6306B001E5445 /* Preview Assets.xcassets */,
			);
			path = "Preview Content";
			sourceTree = "<group>";
		};
		DA8B300424ED758D001E1AA2 /* Content */ = {
			isa = PBXGroup;
			children = (
				DA528E2F23C6306B001E5445 /* Assets.xcassets */,
				DA528E3723C6306B001E5445 /* Info.plist */,
				DA528E3823C6306B001E5445 /* HappyHour.entitlements */,
			);
			name = Content;
			sourceTree = "<group>";
		};
/* End PBXGroup section */

/* Begin PBXNativeTarget section */
		DA528E2723C6306A001E5445 /* HappyHour */ = {
			isa = PBXNativeTarget;
			buildConfigurationList = DA528E3B23C6306B001E5445 /* Build configuration list for PBXNativeTarget "HappyHour" */;
			buildPhases = (
				DA528E2423C6306A001E5445 /* Sources */,
				DA8B300324ED68E3001E1AA2 /* ShellScript */,
				DA528E2523C6306A001E5445 /* Frameworks */,
				DA528E2623C6306A001E5445 /* Resources */,
			);
			buildRules = (
			);
			dependencies = (
			);
			name = HappyHour;
			productName = HappyHour;
			productReference = DA528E2823C6306A001E5445 /* HappyHour.app */;
			productType = "com.apple.product-type.application";
		};
/* End PBXNativeTarget section */

/* Begin PBXProject section */
		DA528E2023C6306A001E5445 /* Project object */ = {
			isa = PBXProject;
			attributes = {
				LastSwiftUpdateCheck = 1130;
				LastUpgradeCheck = 1220;
				ORGANIZATIONNAME = "Paul Landers";
				TargetAttributes = {
					DA528E2723C6306A001E5445 = {
						CreatedOnToolsVersion = 11.3;
					};
				};
			};
			buildConfigurationList = DA528E2323C6306A001E5445 /* Build configuration list for PBXProject "HappyHour" */;
			compatibilityVersion = "Xcode 9.3";
			developmentRegion = en;
			hasScannedForEncodings = 0;
			knownRegions = (
				en,
				Base,
			);
			mainGroup = DA528E1F23C6306A001E5445;
			productRefGroup = DA528E2923C6306A001E5445 /* Products */;
			projectDirPath = "";
			projectRoot = "";
			targets = (
				DA528E2723C6306A001E5445 /* HappyHour */,
			);
		};
/* End PBXProject section */

/* Begin PBXResourcesBuildPhase section */
		DA528E2623C6306A001E5445 /* Resources */ = {
			isa = PBXResourcesBuildPhase;
			buildActionMask = 2147483647;
			files = (
				DA528E3323C6306B001E5445 /* Preview Assets.xcassets in Resources */,
				DA528E3023C6306B001E5445 /* Assets.xcassets in Resources */,
			);
			runOnlyForDeploymentPostprocessing = 0;
		};
/* End PBXResourcesBuildPhase section */

/* Begin PBXShellScriptBuildPhase section */
		DA8B300324ED68E3001E1AA2 /* ShellScript */ = {
			isa = PBXShellScriptBuildPhase;
			buildActionMask = 2147483647;
			files = (
			);
			inputFileListPaths = (
			);
			inputPaths = (
			);
			outputFileListPaths = (
			);
			outputPaths = (
			);
			runOnlyForDeploymentPostprocessing = 0;
			shellPath = /bin/sh;
			shellScript = "TAGS=\"TODO:|FIXME:\"\nERRORTAG=\"ERROR:\"\nfind \"${SRCROOT}\" \\( -name \"*.h\" -or -name \"*.m\" -or -name \"*.swift\" \\) -print0 | xargs -0 egrep --with-filename --line-number --only-matching \"($TAGS).*\\$|($ERRORTAG).*\\$\" | perl -p -e \"s/($TAGS)/ warning: \\$1/\" | perl -p -e \"s/($ERRORTAG)/ error: \\$1/\"\n";
		};
/* End PBXShellScriptBuildPhase section */

/* Begin PBXSourcesBuildPhase section */
		DA528E2423C6306A001E5445 /* Sources */ = {
			isa = PBXSourcesBuildPhase;
			buildActionMask = 2147483647;
			files = (
				DA60540523C7884D006BB663 /* ItemModel.swift in Sources */,
				DA3E6E86255F8E3F0071E539 /* UserSettings.swift in Sources */,
				DA528E2E23C6306A001E5445 /* ContentView.swift in Sources */,
				DABCA5C72560B46200F02836 /* Formatter.swift in Sources */,
				DA3E6E8A255F8EF90071E539 /* SettingsView.swift in Sources */,
				DA7EA8342462F14B005B1B4B /* TaskTimer.swift in Sources */,
				DA528E2C23C6306A001E5445 /* HappyHourApp.swift in Sources */,
			);
			runOnlyForDeploymentPostprocessing = 0;
		};
/* End PBXSourcesBuildPhase section */

/* Begin XCBuildConfiguration section */
		DA528E3923C6306B001E5445 /* Debug */ = {
			isa = XCBuildConfiguration;
			buildSettings = {
				ALWAYS_SEARCH_USER_PATHS = NO;
				ASSETCATALOG_COMPILER_GLOBAL_ACCENT_COLOR_NAME = AccentColor;
				CLANG_ANALYZER_NONNULL = YES;
				CLANG_ANALYZER_NUMBER_OBJECT_CONVERSION = YES_AGGRESSIVE;
				CLANG_CXX_LANGUAGE_STANDARD = "gnu++14";
				CLANG_CXX_LIBRARY = "libc++";
				CLANG_ENABLE_MODULES = YES;
				CLANG_ENABLE_OBJC_ARC = YES;
				CLANG_ENABLE_OBJC_WEAK = YES;
				CLANG_WARN_BLOCK_CAPTURE_AUTORELEASING = YES;
				CLANG_WARN_BOOL_CONVERSION = YES;
				CLANG_WARN_COMMA = YES;
				CLANG_WARN_CONSTANT_CONVERSION = YES;
				CLANG_WARN_DEPRECATED_OBJC_IMPLEMENTATIONS = YES;
				CLANG_WARN_DIRECT_OBJC_ISA_USAGE = YES_ERROR;
				CLANG_WARN_DOCUMENTATION_COMMENTS = YES;
				CLANG_WARN_EMPTY_BODY = YES;
				CLANG_WARN_ENUM_CONVERSION = YES;
				CLANG_WARN_INFINITE_RECURSION = YES;
				CLANG_WARN_INT_CONVERSION = YES;
				CLANG_WARN_NON_LITERAL_NULL_CONVERSION = YES;
				CLANG_WARN_OBJC_IMPLICIT_RETAIN_SELF = YES;
				CLANG_WARN_OBJC_LITERAL_CONVERSION = YES;
				CLANG_WARN_OBJC_ROOT_CLASS = YES_ERROR;
				CLANG_WARN_QUOTED_INCLUDE_IN_FRAMEWORK_HEADER = YES;
				CLANG_WARN_RANGE_LOOP_ANALYSIS = YES;
				CLANG_WARN_STRICT_PROTOTYPES = YES;
				CLANG_WARN_SUSPICIOUS_MOVE = YES;
				CLANG_WARN_UNGUARDED_AVAILABILITY = YES_AGGRESSIVE;
				CLANG_WARN_UNREACHABLE_CODE = YES;
				CLANG_WARN__DUPLICATE_METHOD_MATCH = YES;
				COPY_PHASE_STRIP = NO;
				DEBUG_INFORMATION_FORMAT = dwarf;
				ENABLE_STRICT_OBJC_MSGSEND = YES;
				ENABLE_TESTABILITY = YES;
				GCC_C_LANGUAGE_STANDARD = gnu11;
				GCC_DYNAMIC_NO_PIC = NO;
				GCC_NO_COMMON_BLOCKS = YES;
				GCC_OPTIMIZATION_LEVEL = 0;
				GCC_PREPROCESSOR_DEFINITIONS = (
					"DEBUG=1",
					"$(inherited)",
				);
				GCC_WARN_64_TO_32_BIT_CONVERSION = YES;
				GCC_WARN_ABOUT_RETURN_TYPE = YES_ERROR;
				GCC_WARN_UNDECLARED_SELECTOR = YES;
				GCC_WARN_UNINITIALIZED_AUTOS = YES_AGGRESSIVE;
				GCC_WARN_UNUSED_FUNCTION = YES;
				GCC_WARN_UNUSED_VARIABLE = YES;
				MACOSX_DEPLOYMENT_TARGET = 11.0;
				MTL_ENABLE_DEBUG_INFO = INCLUDE_SOURCE;
				MTL_FAST_MATH = YES;
				ONLY_ACTIVE_ARCH = YES;
				SDKROOT = macosx;
				SWIFT_ACTIVE_COMPILATION_CONDITIONS = DEBUG;
				SWIFT_OPTIMIZATION_LEVEL = "-Onone";
			};
			name = Debug;
		};
		DA528E3A23C6306B001E5445 /* Release */ = {
			isa = XCBuildConfiguration;
			buildSettings = {
				ALWAYS_SEARCH_USER_PATHS = NO;
				ASSETCATALOG_COMPILER_GLOBAL_ACCENT_COLOR_NAME = AccentColor;
				CLANG_ANALYZER_NONNULL = YES;
				CLANG_ANALYZER_NUMBER_OBJECT_CONVERSION = YES_AGGRESSIVE;
				CLANG_CXX_LANGUAGE_STANDARD = "gnu++14";
				CLANG_CXX_LIBRARY = "libc++";
				CLANG_ENABLE_MODULES = YES;
				CLANG_ENABLE_OBJC_ARC = YES;
				CLANG_ENABLE_OBJC_WEAK = YES;
				CLANG_WARN_BLOCK_CAPTURE_AUTORELEASING = YES;
				CLANG_WARN_BOOL_CONVERSION = YES;
				CLANG_WARN_COMMA = YES;
				CLANG_WARN_CONSTANT_CONVERSION = YES;
				CLANG_WARN_DEPRECATED_OBJC_IMPLEMENTATIONS = YES;
				CLANG_WARN_DIRECT_OBJC_ISA_USAGE = YES_ERROR;
				CLANG_WARN_DOCUMENTATION_COMMENTS = YES;
				CLANG_WARN_EMPTY_BODY = YES;
				CLANG_WARN_ENUM_CONVERSION = YES;
				CLANG_WARN_INFINITE_RECURSION = YES;
				CLANG_WARN_INT_CONVERSION = YES;
				CLANG_WARN_NON_LITERAL_NULL_CONVERSION = YES;
				CLANG_WARN_OBJC_IMPLICIT_RETAIN_SELF = YES;
				CLANG_WARN_OBJC_LITERAL_CONVERSION = YES;
				CLANG_WARN_OBJC_ROOT_CLASS = YES_ERROR;
				CLANG_WARN_QUOTED_INCLUDE_IN_FRAMEWORK_HEADER = YES;
				CLANG_WARN_RANGE_LOOP_ANALYSIS = YES;
				CLANG_WARN_STRICT_PROTOTYPES = YES;
				CLANG_WARN_SUSPICIOUS_MOVE = YES;
				CLANG_WARN_UNGUARDED_AVAILABILITY = YES_AGGRESSIVE;
				CLANG_WARN_UNREACHABLE_CODE = YES;
				CLANG_WARN__DUPLICATE_METHOD_MATCH = YES;
				COPY_PHASE_STRIP = NO;
				DEBUG_INFORMATION_FORMAT = "dwarf-with-dsym";
				ENABLE_NS_ASSERTIONS = NO;
				ENABLE_STRICT_OBJC_MSGSEND = YES;
				GCC_C_LANGUAGE_STANDARD = gnu11;
				GCC_NO_COMMON_BLOCKS = YES;
				GCC_WARN_64_TO_32_BIT_CONVERSION = YES;
				GCC_WARN_ABOUT_RETURN_TYPE = YES_ERROR;
				GCC_WARN_UNDECLARED_SELECTOR = YES;
				GCC_WARN_UNINITIALIZED_AUTOS = YES_AGGRESSIVE;
				GCC_WARN_UNUSED_FUNCTION = YES;
				GCC_WARN_UNUSED_VARIABLE = YES;
				MACOSX_DEPLOYMENT_TARGET = 11.0;
				MTL_ENABLE_DEBUG_INFO = NO;
				MTL_FAST_MATH = YES;
				SDKROOT = macosx;
				SWIFT_COMPILATION_MODE = wholemodule;
				SWIFT_OPTIMIZATION_LEVEL = "-O";
			};
			name = Release;
		};
		DA528E3C23C6306B001E5445 /* Debug */ = {
			isa = XCBuildConfiguration;
			buildSettings = {
				ASSETCATALOG_COMPILER_APPICON_NAME = AppIcon;
				CODE_SIGN_ENTITLEMENTS = HappyHour/HappyHour.entitlements;
				CODE_SIGN_IDENTITY = "-";
				CODE_SIGN_STYLE = Automatic;
				COMBINE_HIDPI_IMAGES = YES;
				DEVELOPMENT_ASSET_PATHS = "\"HappyHour/Preview Content\"";
				ENABLE_PREVIEWS = YES;
				INFOPLIST_FILE = HappyHour/Info.plist;
				LD_RUNPATH_SEARCH_PATHS = (
					"$(inherited)",
					"@executable_path/../Frameworks",
				);
				MACOSX_DEPLOYMENT_TARGET = 11.0;
				MARKETING_VERSION = 1.4.5;
				PRODUCT_BUNDLE_IDENTIFIER = dev.pwxn.HappyHour;
				PRODUCT_NAME = "$(TARGET_NAME)";
				SWIFT_VERSION = 5.0;
			};
			name = Debug;
		};
		DA528E3D23C6306B001E5445 /* Release */ = {
			isa = XCBuildConfiguration;
			buildSettings = {
				ASSETCATALOG_COMPILER_APPICON_NAME = AppIcon;
				CODE_SIGN_ENTITLEMENTS = HappyHour/HappyHour.entitlements;
				CODE_SIGN_IDENTITY = "-";
				CODE_SIGN_STYLE = Automatic;
				COMBINE_HIDPI_IMAGES = YES;
				DEVELOPMENT_ASSET_PATHS = "\"HappyHour/Preview Content\"";
				ENABLE_PREVIEWS = YES;
				INFOPLIST_FILE = HappyHour/Info.plist;
				LD_RUNPATH_SEARCH_PATHS = (
					"$(inherited)",
					"@executable_path/../Frameworks",
				);
				MACOSX_DEPLOYMENT_TARGET = 11.0;
				MARKETING_VERSION = 1.4.5;
				PRODUCT_BUNDLE_IDENTIFIER = dev.pwxn.HappyHour;
				PRODUCT_NAME = "$(TARGET_NAME)";
				SWIFT_VERSION = 5.0;
			};
			name = Release;
		};
/* End XCBuildConfiguration section */

/* Begin XCConfigurationList section */
		DA528E2323C6306A001E5445 /* Build configuration list for PBXProject "HappyHour" */ = {
			isa = XCConfigurationList;
			buildConfigurations = (
				DA528E3923C6306B001E5445 /* Debug */,
				DA528E3A23C6306B001E5445 /* Release */,
			);
			defaultConfigurationIsVisible = 0;
			defaultConfigurationName = Release;
		};
		DA528E3B23C6306B001E5445 /* Build configuration list for PBXNativeTarget "HappyHour" */ = {
			isa = XCConfigurationList;
			buildConfigurations = (
				DA528E3C23C6306B001E5445 /* Debug */,
				DA528E3D23C6306B001E5445 /* Release */,
			);
			defaultConfigurationIsVisible = 0;
			defaultConfigurationName = Release;
		};
/* End XCConfigurationList section */
	};
	rootObject = DA528E2023C6306A001E5445 /* Project object */;
}
